<Solution>
  <Folder Name="/Application/">
    <Project Path="DataAccess/DataAccess.csproj" Id="d3c38438-7c26-47a5-986e-52e1c0bcc58e" />
    <Project Path="DeviceManagerHubService/DeviceManagerHubService.csproj" Id="68722512-85c6-47e4-b938-9c242be4e7e4" />
    <Project Path="DeviceManagerService/DeviceManager.csproj" Id="f0d121bb-d970-4ad7-9a21-e6ca61d69efa" />
  </Folder>
  <Folder Name="/Application/Drivers/">
    <Project Path="Drivers/DriverBase/DriverBase.csproj" Id="88c35508-ba1d-4fd7-a327-d4a5fb651bac" />
  </Folder>
  <Folder Name="/Application/Drivers/Tests/">
    <Project Path="Drivers/DriverTest/DriverTest.csproj" Id="6d0b03c8-a4d0-4380-9419-785cfe020878" />
    <Project Path="Drivers/DriverTest2/DriverTest2.csproj" Id="7ba1ddb9-e1a9-4d24-b25c-c602d7cfdc75" />
  </Folder>
  <Folder Name="/Frontend/">
    <File Path="Front/index.html" />
  </Folder>
  <Project Path="DeviceManagerAPI/DeviceManagerAPI.csproj" />
</Solution>
